
Microsoft Visual Studio Solution File, Format Version 12.00
# Visual Studio Version 17
VisualStudioVersion = 17.10.35122.118
MinimumVisualStudioVersion = 10.0.40219.1
Project("{9A19103F-16F7-4668-BE54-9A1E7A4F7556}") = "Core", "Core\Core.csproj", "{AD84324B-10E7-4093-8A97-4B11B94B3810}"
EndProject
Project("{9A19103F-16F7-4668-BE54-9A1E7A4F7556}") = "Data", "Data\Data.csproj", "{D900F7CA-92E6-4B40-84E0-400982102B79}"
EndProject
Project("{9A19103F-16F7-4668-BE54-9A1E7A4F7556}") = "Domain", "Domain\Domain.csproj", "{934BED53-760C-419E-A372-EEF6C83F9261}"
EndProject
Project("{9A19103F-16F7-4668-BE54-9A1E7A4F7556}") = "Infrastructure", "Infrastructure\Infrastructure.csproj", "{D7693FA3-DF94-4985-BF6E-C77955E76617}"
EndProject
Project("{9A19103F-16F7-4668-BE54-9A1E7A4F7556}") = "WebApp", "WebApp\WebApp.csproj", "{0A721F1B-9276-4545-9B1D-EBA78A25455B}"
EndProject
Global
	GlobalSection(SolutionConfigurationPlatforms) = preSolution
		Debug|Any CPU = Debug|Any CPU
		Release|Any CPU = Release|Any CPU
	EndGlobalSection
	GlobalSection(ProjectConfigurationPlatforms) = postSolution
		{AD84324B-10E7-4093-8A97-4B11B94B3810}.Debug|Any CPU.ActiveCfg = Debug|Any CPU
		{AD84324B-10E7-4093-8A97-4B11B94B3810}.Debug|Any CPU.Build.0 = Debug|Any CPU
		{AD84324B-10E7-4093-8A97-4B11B94B3810}.Release|Any CPU.ActiveCfg = Release|Any CPU
		{AD84324B-10E7-4093-8A97-4B11B94B3810}.Release|Any CPU.Build.0 = Release|Any CPU
		{D900F7CA-92E6-4B40-84E0-400982102B79}.Debug|Any CPU.ActiveCfg = Debug|Any CPU
		{D900F7CA-92E6-4B40-84E0-400982102B79}.Debug|Any CPU.Build.0 = Debug|Any CPU
		{D900F7CA-92E6-4B40-84E0-400982102B79}.Release|Any CPU.ActiveCfg = Release|Any CPU
		{D900F7CA-92E6-4B40-84E0-400982102B79}.Release|Any CPU.Build.0 = Release|Any CPU
		{934BED53-760C-419E-A372-EEF6C83F9261}.Debug|Any CPU.ActiveCfg = Debug|Any CPU
		{934BED53-760C-419E-A372-EEF6C83F9261}.Debug|Any CPU.Build.0 = Debug|Any CPU
		{934BED53-760C-419E-A372-EEF6C83F9261}.Release|Any CPU.ActiveCfg = Release|Any CPU
		{934BED53-760C-419E-A372-EEF6C83F9261}.Release|Any CPU.Build.0 = Release|Any CPU
		{D7693FA3-DF94-4985-BF6E-C77955E76617}.Debug|Any CPU.ActiveCfg = Debug|Any CPU
		{D7693FA3-DF94-4985-BF6E-C77955E76617}.Debug|Any CPU.Build.0 = Debug|Any CPU
		{D7693FA3-DF94-4985-BF6E-C77955E76617}.Release|Any CPU.ActiveCfg = Release|Any CPU
		{D7693FA3-DF94-4985-BF6E-C77955E76617}.Release|Any CPU.Build.0 = Release|Any CPU
		{0A721F1B-9276-4545-9B1D-EBA78A25455B}.Debug|Any CPU.ActiveCfg = Debug|Any CPU
		{0A721F1B-9276-4545-9B1D-EBA78A25455B}.Debug|Any CPU.Build.0 = Debug|Any CPU
		{0A721F1B-9276-4545-9B1D-EBA78A25455B}.Release|Any CPU.ActiveCfg = Release|Any CPU
		{0A721F1B-9276-4545-9B1D-EBA78A25455B}.Release|Any CPU.Build.0 = Release|Any CPU
	EndGlobalSection
	GlobalSection(SolutionProperties) = preSolution
		HideSolutionNode = FALSE
	EndGlobalSection
	GlobalSection(ExtensibilityGlobals) = postSolution
		SolutionGuid = {DC6DBB5B-F3D7-4E08-A258-CD3F82EE0C3B}
	EndGlobalSection
EndGlobal
